
Microsoft Visual Studio Solution File, Format Version 12.00
# Visual Studio Version 17
VisualStudioVersion = 17.11.35303.130
MinimumVisualStudioVersion = 10.0.40219.1
Project("{FAE04EC0-301F-11D3-BF4B-00C04F79EFBC}") = "VendingMachineStateDesignPattern", "VendingMachineStateDesignPattern\VendingMachineStateDesignPattern.csproj", "{DC13C152-0666-4EE2-A991-E9FB1B0E83F4}"
EndProject
Global
	GlobalSection(SolutionConfigurationPlatforms) = preSolution
		Debug|Any CPU = Debug|Any CPU
		Release|Any CPU = Release|Any CPU
	EndGlobalSection
	GlobalSection(ProjectConfigurationPlatforms) = postSolution
		{DC13C152-0666-4EE2-A991-E9FB1B0E83F4}.Debug|Any CPU.ActiveCfg = Debug|Any CPU
		{DC13C152-0666-4EE2-A991-E9FB1B0E83F4}.Debug|Any CPU.Build.0 = Debug|Any CPU
		{DC13C152-0666-4EE2-A991-E9FB1B0E83F4}.Release|Any CPU.ActiveCfg = Release|Any CPU
		{DC13C152-0666-4EE2-A991-E9FB1B0E83F4}.Release|Any CPU.Build.0 = Release|Any CPU
	EndGlobalSection
	GlobalSection(SolutionProperties) = preSolution
		HideSolutionNode = FALSE
	EndGlobalSection
	GlobalSection(ExtensibilityGlobals) = postSolution
		SolutionGuid = {88C9B94F-1A15-470A-9E65-EF315ABB32BB}
	EndGlobalSection
EndGlobal
